// !$*UTF8*$!
{
	archiveVersion = 1;
	classes = {
	};
	objectVersion = 50;
	objects = {

/* Begin PBXBuildFile section */
		EE5A715C261E2CCD00CB9248 /* AppDelegate.swift in Sources */ = {isa = PBXBuildFile; fileRef = EE5A715B261E2CCD00CB9248 /* AppDelegate.swift */; };
		EE5A715E261E2CCD00CB9248 /* SceneDelegate.swift in Sources */ = {isa = PBXBuildFile; fileRef = EE5A715D261E2CCD00CB9248 /* SceneDelegate.swift */; };
		EE5A7160261E2CCD00CB9248 /* ViewController.swift in Sources */ = {isa = PBXBuildFile; fileRef = EE5A715F261E2CCD00CB9248 /* ViewController.swift */; };
		EE5A7163261E2CCD00CB9248 /* Main.storyboard in Resources */ = {isa = PBXBuildFile; fileRef = EE5A7161261E2CCD00CB9248 /* Main.storyboard */; };
		EE5A7165261E2CCE00CB9248 /* Assets.xcassets in Resources */ = {isa = PBXBuildFile; fileRef = EE5A7164261E2CCE00CB9248 /* Assets.xcassets */; };
		EE5A7168261E2CCE00CB9248 /* LaunchScreen.storyboard in Resources */ = {isa = PBXBuildFile; fileRef = EE5A7166261E2CCE00CB9248 /* LaunchScreen.storyboard */; };
/* End PBXBuildFile section */

/* Begin PBXFileReference section */
		EE5A7158261E2CCD00CB9248 /* Lesson1 interface.app */ = {isa = PBXFileReference; explicitFileType = wrapper.application; includeInIndex = 0; path = "Lesson1 interface.app"; sourceTree = BUILT_PRODUCTS_DIR; };
		EE5A715B261E2CCD00CB9248 /* AppDelegate.swift */ = {isa = PBXFileReference; lastKnownFileType = sourcecode.swift; path = AppDelegate.swift; sourceTree = "<group>"; };
		EE5A715D261E2CCD00CB9248 /* SceneDelegate.swift */ = {isa = PBXFileReference; lastKnownFileType = sourcecode.swift; path = SceneDelegate.swift; sourceTree = "<group>"; };
		EE5A715F261E2CCD00CB9248 /* ViewController.swift */ = {isa = PBXFileReference; lastKnownFileType = sourcecode.swift; path = ViewController.swift; sourceTree = "<group>"; };
		EE5A7162261E2CCD00CB9248 /* Base */ = {isa = PBXFileReference; lastKnownFileType = file.storyboard; name = Base; path = Base.lproj/Main.storyboard; sourceTree = "<group>"; };
		EE5A7164261E2CCE00CB9248 /* Assets.xcassets */ = {isa = PBXFileReference; lastKnownFileType = folder.assetcatalog; path = Assets.xcassets; sourceTree = "<group>"; };
		EE5A7167261E2CCE00CB9248 /* Base */ = {isa = PBXFileReference; lastKnownFileType = file.storyboard; name = Base; path = Base.lproj/LaunchScreen.storyboard; sourceTree = "<group>"; };
		EE5A7169261E2CCE00CB9248 /* Info.plist */ = {isa = PBXFileReference; lastKnownFileType = text.plist.xml; path = Info.plist; sourceTree = "<group>"; };
/* End PBXFileReference section */

/* Begin PBXFrameworksBuildPhase section */
		EE5A7155261E2CCD00CB9248 /* Frameworks */ = {
			isa = PBXFrameworksBuildPhase;
			buildActionMask = 2147483647;
			files = (
			);
			runOnlyForDeploymentPostprocessing = 0;
		};
/* End PBXFrameworksBuildPhase section */

/* Begin PBXGroup section */
		EE5A714F261E2CCD00CB9248 = {
			isa = PBXGroup;
			children = (
				EE5A715A261E2CCD00CB9248 /* Lesson1 interface */,
				EE5A7159261E2CCD00CB9248 /* Products */,
			);
			sourceTree = "<group>";
		};
		EE5A7159261E2CCD00CB9248 /* Products */ = {
			isa = PBXGroup;
			children = (
				EE5A7158261E2CCD00CB9248 /* Lesson1 interface.app */,
			);
			name = Products;
			sourceTree = "<group>";
		};
		EE5A715A261E2CCD00CB9248 /* Lesson1 interface */ = {
			isa = PBXGroup;
			children = (
				EE5A715B261E2CCD00CB9248 /* AppDelegate.swift */,
				EE5A715D261E2CCD00CB9248 /* SceneDelegate.swift */,
				EE5A715F261E2CCD00CB9248 /* ViewController.swift */,
				EE5A7161261E2CCD00CB9248 /* Main.storyboard */,
				EE5A7164261E2CCE00CB9248 /* Assets.xcassets */,
				EE5A7166261E2CCE00CB9248 /* LaunchScreen.storyboard */,
				EE5A7169261E2CCE00CB9248 /* Info.plist */,
			);
			path = "Lesson1 interface";
			sourceTree = "<group>";
		};
/* End PBXGroup section */

/* Begin PBXNativeTarget section */
		EE5A7157261E2CCD00CB9248 /* Lesson1 interface */ = {
			isa = PBXNativeTarget;
			buildConfigurationList = EE5A716C261E2CCE00CB9248 /* Build configuration list for PBXNativeTarget "Lesson1 interface" */;
			buildPhases = (
				EE5A7154261E2CCD00CB9248 /* Sources */,
				EE5A7155261E2CCD00CB9248 /* Frameworks */,
				EE5A7156261E2CCD00CB9248 /* Resources */,
			);
			buildRules = (
			);
			dependencies = (
			);
			name = "Lesson1 interface";
			productName = "Lesson1 interface";
			productReference = EE5A7158261E2CCD00CB9248 /* Lesson1 interface.app */;
			productType = "com.apple.product-type.application";
		};
/* End PBXNativeTarget section */

/* Begin PBXProject section */
		EE5A7150261E2CCD00CB9248 /* Project object */ = {
			isa = PBXProject;
			attributes = {
				LastSwiftUpdateCheck = 1240;
				LastUpgradeCheck = 1240;
				TargetAttributes = {
					EE5A7157261E2CCD00CB9248 = {
						CreatedOnToolsVersion = 12.4;
					};
				};
			};
			buildConfigurationList = EE5A7153261E2CCD00CB9248 /* Build configuration list for PBXProject "Lesson1 interface" */;
			compatibilityVersion = "Xcode 9.3";
			developmentRegion = en;
			hasScannedForEncodings = 0;
			knownRegions = (
				en,
				Base,
			);
			mainGroup = EE5A714F261E2CCD00CB9248;
			productRefGroup = EE5A7159261E2CCD00CB9248 /* Products */;
			projectDirPath = "";
			projectRoot = "";
			targets = (
				EE5A7157261E2CCD00CB9248 /* Lesson1 interface */,
			);
		};
/* End PBXProject section */

/* Begin PBXResourcesBuildPhase section */
		EE5A7156261E2CCD00CB9248 /* Resources */ = {
			isa = PBXResourcesBuildPhase;
			buildActionMask = 2147483647;
			files = (
				EE5A7168261E2CCE00CB9248 /* LaunchScreen.storyboard in Resources */,
				EE5A7165261E2CCE00CB9248 /* Assets.xcassets in Resources */,
				EE5A7163261E2CCD00CB9248 /* Main.storyboard in Resources */,
			);
			runOnlyForDeploymentPostprocessing = 0;
		};
/* End PBXResourcesBuildPhase section */

/* Begin PBXSourcesBuildPhase section */
		EE5A7154261E2CCD00CB9248 /* Sources */ = {
			isa = PBXSourcesBuildPhase;
			buildActionMask = 2147483647;
			files = (
				EE5A7160261E2CCD00CB9248 /* ViewController.swift in Sources */,
				EE5A715C261E2CCD00CB9248 /* AppDelegate.swift in Sources */,
				EE5A715E261E2CCD00CB9248 /* SceneDelegate.swift in Sources */,
			);
			runOnlyForDeploymentPostprocessing = 0;
		};
/* End PBXSourcesBuildPhase section */

/* Begin PBXVariantGroup section */
		EE5A7161261E2CCD00CB9248 /* Main.storyboard */ = {
			isa = PBXVariantGroup;
			children = (
				EE5A7162261E2CCD00CB9248 /* Base */,
			);
			name = Main.storyboard;
			sourceTree = "<group>";
		};
		EE5A7166261E2CCE00CB9248 /* LaunchScreen.storyboard */ = {
			isa = PBXVariantGroup;
			children = (
				EE5A7167261E2CCE00CB9248 /* Base */,
			);
			name = LaunchScreen.storyboard;
			sourceTree = "<group>";
		};
/* End PBXVariantGroup section */

/* Begin XCBuildConfiguration section */
		EE5A716A261E2CCE00CB9248 /* Debug */ = {
			isa = XCBuildConfiguration;
			buildSettings = {
				ALWAYS_SEARCH_USER_PATHS = NO;
				CLANG_ANALYZER_NONNULL = YES;
				CLANG_ANALYZER_NUMBER_OBJECT_CONVERSION = YES_AGGRESSIVE;
				CLANG_CXX_LANGUAGE_STANDARD = "gnu++14";
				CLANG_CXX_LIBRARY = "libc++";
				CLANG_ENABLE_MODULES = YES;
				CLANG_ENABLE_OBJC_ARC = YES;
				CLANG_ENABLE_OBJC_WEAK = YES;
				CLANG_WARN_BLOCK_CAPTURE_AUTORELEASING = YES;
				CLANG_WARN_BOOL_CONVERSION = YES;
				CLANG_WARN_COMMA = YES;
				CLANG_WARN_CONSTANT_CONVERSION = YES;
				CLANG_WARN_DEPRECATED_OBJC_IMPLEMENTATIONS = YES;
				CLANG_WARN_DIRECT_OBJC_ISA_USAGE = YES_ERROR;
				CLANG_WARN_DOCUMENTATION_COMMENTS = YES;
				CLANG_WARN_EMPTY_BODY = YES;
				CLANG_WARN_ENUM_CONVERSION = YES;
				CLANG_WARN_INFINITE_RECURSION = YES;
				CLANG_WARN_INT_CONVERSION = YES;
				CLANG_WARN_NON_LITERAL_NULL_CONVERSION = YES;
				CLANG_WARN_OBJC_IMPLICIT_RETAIN_SELF = YES;
				CLANG_WARN_OBJC_LITERAL_CONVERSION = YES;
				CLANG_WARN_OBJC_ROOT_CLASS = YES_ERROR;
				CLANG_WARN_QUOTED_INCLUDE_IN_FRAMEWORK_HEADER = YES;
				CLANG_WARN_RANGE_LOOP_ANALYSIS = YES;
				CLANG_WARN_STRICT_PROTOTYPES = YES;
				CLANG_WARN_SUSPICIOUS_MOVE = YES;
				CLANG_WARN_UNGUARDED_AVAILABILITY = YES_AGGRESSIVE;
				CLANG_WARN_UNREACHABLE_CODE = YES;
				CLANG_WARN__DUPLICATE_METHOD_MATCH = YES;
				COPY_PHASE_STRIP = NO;
				DEBUG_INFORMATION_FORMAT = dwarf;
				ENABLE_STRICT_OBJC_MSGSEND = YES;
				ENABLE_TESTABILITY = YES;
				GCC_C_LANGUAGE_STANDARD = gnu11;
				GCC_DYNAMIC_NO_PIC = NO;
				GCC_NO_COMMON_BLOCKS = YES;
				GCC_OPTIMIZATION_LEVEL = 0;
				GCC_PREPROCESSOR_DEFINITIONS = (
					"DEBUG=1",
					"$(inherited)",
				);
				GCC_WARN_64_TO_32_BIT_CONVERSION = YES;
				GCC_WARN_ABOUT_RETURN_TYPE = YES_ERROR;
				GCC_WARN_UNDECLARED_SELECTOR = YES;
				GCC_WARN_UNINITIALIZED_AUTOS = YES_AGGRESSIVE;
				GCC_WARN_UNUSED_FUNCTION = YES;
				GCC_WARN_UNUSED_VARIABLE = YES;
				IPHONEOS_DEPLOYMENT_TARGET = 14.4;
				MTL_ENABLE_DEBUG_INFO = INCLUDE_SOURCE;
				MTL_FAST_MATH = YES;
				ONLY_ACTIVE_ARCH = YES;
				SDKROOT = iphoneos;
				SWIFT_ACTIVE_COMPILATION_CONDITIONS = DEBUG;
				SWIFT_OPTIMIZATION_LEVEL = "-Onone";
			};
			name = Debug;
		};
		EE5A716B261E2CCE00CB9248 /* Release */ = {
			isa = XCBuildConfiguration;
			buildSettings = {
				ALWAYS_SEARCH_USER_PATHS = NO;
				CLANG_ANALYZER_NONNULL = YES;
				CLANG_ANALYZER_NUMBER_OBJECT_CONVERSION = YES_AGGRESSIVE;
				CLANG_CXX_LANGUAGE_STANDARD = "gnu++14";
				CLANG_CXX_LIBRARY = "libc++";
				CLANG_ENABLE_MODULES = YES;
				CLANG_ENABLE_OBJC_ARC = YES;
				CLANG_ENABLE_OBJC_WEAK = YES;
				CLANG_WARN_BLOCK_CAPTURE_AUTORELEASING = YES;
				CLANG_WARN_BOOL_CONVERSION = YES;
				CLANG_WARN_COMMA = YES;
				CLANG_WARN_CONSTANT_CONVERSION = YES;
				CLANG_WARN_DEPRECATED_OBJC_IMPLEMENTATIONS = YES;
				CLANG_WARN_DIRECT_OBJC_ISA_USAGE = YES_ERROR;
				CLANG_WARN_DOCUMENTATION_COMMENTS = YES;
				CLANG_WARN_EMPTY_BODY = YES;
				CLANG_WARN_ENUM_CONVERSION = YES;
				CLANG_WARN_INFINITE_RECURSION = YES;
				CLANG_WARN_INT_CONVERSION = YES;
				CLANG_WARN_NON_LITERAL_NULL_CONVERSION = YES;
				CLANG_WARN_OBJC_IMPLICIT_RETAIN_SELF = YES;
				CLANG_WARN_OBJC_LITERAL_CONVERSION = YES;
				CLANG_WARN_OBJC_ROOT_CLASS = YES_ERROR;
				CLANG_WARN_QUOTED_INCLUDE_IN_FRAMEWORK_HEADER = YES;
				CLANG_WARN_RANGE_LOOP_ANALYSIS = YES;
				CLANG_WARN_STRICT_PROTOTYPES = YES;
				CLANG_WARN_SUSPICIOUS_MOVE = YES;
				CLANG_WARN_UNGUARDED_AVAILABILITY = YES_AGGRESSIVE;
				CLANG_WARN_UNREACHABLE_CODE = YES;
				CLANG_WARN__DUPLICATE_METHOD_MATCH = YES;
				COPY_PHASE_STRIP = NO;
				DEBUG_INFORMATION_FORMAT = "dwarf-with-dsym";
				ENABLE_NS_ASSERTIONS = NO;
				ENABLE_STRICT_OBJC_MSGSEND = YES;
				GCC_C_LANGUAGE_STANDARD = gnu11;
				GCC_NO_COMMON_BLOCKS = YES;
				GCC_WARN_64_TO_32_BIT_CONVERSION = YES;
				GCC_WARN_ABOUT_RETURN_TYPE = YES_ERROR;
				GCC_WARN_UNDECLARED_SELECTOR = YES;
				GCC_WARN_UNINITIALIZED_AUTOS = YES_AGGRESSIVE;
				GCC_WARN_UNUSED_FUNCTION = YES;
				GCC_WARN_UNUSED_VARIABLE = YES;
				IPHONEOS_DEPLOYMENT_TARGET = 14.4;
				MTL_ENABLE_DEBUG_INFO = NO;
				MTL_FAST_MATH = YES;
				SDKROOT = iphoneos;
				SWIFT_COMPILATION_MODE = wholemodule;
				SWIFT_OPTIMIZATION_LEVEL = "-O";
				VALIDATE_PRODUCT = YES;
			};
			name = Release;
		};
		EE5A716D261E2CCE00CB9248 /* Debug */ = {
			isa = XCBuildConfiguration;
			buildSettings = {
				ASSETCATALOG_COMPILER_APPICON_NAME = AppIcon;
				ASSETCATALOG_COMPILER_GLOBAL_ACCENT_COLOR_NAME = AccentColor;
				CODE_SIGN_STYLE = Automatic;
				DEVELOPMENT_TEAM = 74VV759MHR;
				INFOPLIST_FILE = "Lesson1 interface/Info.plist";
				LD_RUNPATH_SEARCH_PATHS = (
					"$(inherited)",
					"@executable_path/Frameworks",
				);
				PRODUCT_BUNDLE_IDENTIFIER = "Liza.Lesson1-interface";
				PRODUCT_NAME = "$(TARGET_NAME)";
				SWIFT_VERSION = 5.0;
				TARGETED_DEVICE_FAMILY = "1,2";
			};
			name = Debug;
		};
		EE5A716E261E2CCE00CB9248 /* Release */ = {
			isa = XCBuildConfiguration;
			buildSettings = {
				ASSETCATALOG_COMPILER_APPICON_NAME = AppIcon;
				ASSETCATALOG_COMPILER_GLOBAL_ACCENT_COLOR_NAME = AccentColor;
				CODE_SIGN_STYLE = Automatic;
				DEVELOPMENT_TEAM = 74VV759MHR;
				INFOPLIST_FILE = "Lesson1 interface/Info.plist";
				LD_RUNPATH_SEARCH_PATHS = (
					"$(inherited)",
					"@executable_path/Frameworks",
				);
				PRODUCT_BUNDLE_IDENTIFIER = "Liza.Lesson1-interface";
				PRODUCT_NAME = "$(TARGET_NAME)";
				SWIFT_VERSION = 5.0;
				TARGETED_DEVICE_FAMILY = "1,2";
			};
			name = Release;
		};
/* End XCBuildConfiguration section */

/* Begin XCConfigurationList section */
		EE5A7153261E2CCD00CB9248 /* Build configuration list for PBXProject "Lesson1 interface" */ = {
			isa = XCConfigurationList;
			buildConfigurations = (
				EE5A716A261E2CCE00CB9248 /* Debug */,
				EE5A716B261E2CCE00CB9248 /* Release */,
			);
			defaultConfigurationIsVisible = 0;
			defaultConfigurationName = Release;
		};
		EE5A716C261E2CCE00CB9248 /* Build configuration list for PBXNativeTarget "Lesson1 interface" */ = {
			isa = XCConfigurationList;
			buildConfigurations = (
				EE5A716D261E2CCE00CB9248 /* Debug */,
				EE5A716E261E2CCE00CB9248 /* Release */,
			);
			defaultConfigurationIsVisible = 0;
			defaultConfigurationName = Release;
		};
/* End XCConfigurationList section */
	};
	rootObject = EE5A7150261E2CCD00CB9248 /* Project object */;
}
